
Microsoft Visual Studio Solution File, Format Version 12.00
# Visual Studio Version 17
VisualStudioVersion = 17.9.34607.119
MinimumVisualStudioVersion = 10.0.40219.1
Project("{8BC9CEB8-8B4A-11D0-8D11-00A0C91BC942}") = "Task_5", "Task_5\Task_5.vcxproj", "{441803E2-39CA-46E9-928B-1C88A0F10C8B}"
EndProject
Global
	GlobalSection(SolutionConfigurationPlatforms) = preSolution
		Debug|x64 = Debug|x64
		Debug|x86 = Debug|x86
		Release|x64 = Release|x64
		Release|x86 = Release|x86
	EndGlobalSection
	GlobalSection(ProjectConfigurationPlatforms) = postSolution
		{441803E2-39CA-46E9-928B-1C88A0F10C8B}.Debug|x64.ActiveCfg = Debug|x64
		{441803E2-39CA-46E9-928B-1C88A0F10C8B}.Debug|x64.Build.0 = Debug|x64
		{441803E2-39CA-46E9-928B-1C88A0F10C8B}.Debug|x86.ActiveCfg = Debug|Win32
		{441803E2-39CA-46E9-928B-1C88A0F10C8B}.Debug|x86.Build.0 = Debug|Win32
		{441803E2-39CA-46E9-928B-1C88A0F10C8B}.Release|x64.ActiveCfg = Release|x64
		{441803E2-39CA-46E9-928B-1C88A0F10C8B}.Release|x64.Build.0 = Release|x64
		{441803E2-39CA-46E9-928B-1C88A0F10C8B}.Release|x86.ActiveCfg = Release|Win32
		{441803E2-39CA-46E9-928B-1C88A0F10C8B}.Release|x86.Build.0 = Release|Win32
	EndGlobalSection
	GlobalSection(SolutionProperties) = preSolution
		HideSolutionNode = FALSE
	EndGlobalSection
	GlobalSection(ExtensibilityGlobals) = postSolution
		SolutionGuid = {4D93488B-C7FF-4E56-9939-B95429BACFB6}
	EndGlobalSection
EndGlobal
