
Microsoft Visual Studio Solution File, Format Version 12.00
Project("{FAE04EC0-301F-11D3-BF4B-00C04F79EFBC}") = "Task_2", "Task_2\Task_2.csproj", "{B047E931-AC91-41DA-9D5A-F9B9D846FE53}"
EndProject
Global
	GlobalSection(SolutionConfigurationPlatforms) = preSolution
		Debug|Any CPU = Debug|Any CPU
		Release|Any CPU = Release|Any CPU
	EndGlobalSection
	GlobalSection(ProjectConfigurationPlatforms) = postSolution
		{B047E931-AC91-41DA-9D5A-F9B9D846FE53}.Debug|Any CPU.ActiveCfg = Debug|Any CPU
		{B047E931-AC91-41DA-9D5A-F9B9D846FE53}.Debug|Any CPU.Build.0 = Debug|Any CPU
		{B047E931-AC91-41DA-9D5A-F9B9D846FE53}.Release|Any CPU.ActiveCfg = Release|Any CPU
		{B047E931-AC91-41DA-9D5A-F9B9D846FE53}.Release|Any CPU.Build.0 = Release|Any CPU
	EndGlobalSection
EndGlobal
