
Microsoft Visual Studio Solution File, Format Version 12.00
Project("{FAE04EC0-301F-11D3-BF4B-00C04F79EFBC}") = "Hometask_2", "Hometask_2\Hometask_2.csproj", "{380C043F-4755-45B4-B0FB-F95DE5B2F027}"
EndProject
Global
	GlobalSection(SolutionConfigurationPlatforms) = preSolution
		Debug|Any CPU = Debug|Any CPU
		Release|Any CPU = Release|Any CPU
	EndGlobalSection
	GlobalSection(ProjectConfigurationPlatforms) = postSolution
		{380C043F-4755-45B4-B0FB-F95DE5B2F027}.Debug|Any CPU.ActiveCfg = Debug|Any CPU
		{380C043F-4755-45B4-B0FB-F95DE5B2F027}.Debug|Any CPU.Build.0 = Debug|Any CPU
		{380C043F-4755-45B4-B0FB-F95DE5B2F027}.Release|Any CPU.ActiveCfg = Release|Any CPU
		{380C043F-4755-45B4-B0FB-F95DE5B2F027}.Release|Any CPU.Build.0 = Release|Any CPU
	EndGlobalSection
EndGlobal
