
Microsoft Visual Studio Solution File, Format Version 12.00
# Visual Studio Version 17
VisualStudioVersion = 17.14.36203.30 d17.14
MinimumVisualStudioVersion = 10.0.40219.1
Project("{FAE04EC0-301F-11D3-BF4B-00C04F79EFBC}") = "ComplectElem", "ComplectElem\ComplectElem.csproj", "{9221DD85-6FC4-4B7E-BD6E-032328751BCF}"
EndProject
Project("{FAE04EC0-301F-11D3-BF4B-00C04F79EFBC}") = "TestProject1", "TestProject1\TestProject1.csproj", "{50AF6686-092F-473A-96BA-2B50DC0BF896}"
EndProject
Global
	GlobalSection(SolutionConfigurationPlatforms) = preSolution
		Debug|Any CPU = Debug|Any CPU
		Release|Any CPU = Release|Any CPU
	EndGlobalSection
	GlobalSection(ProjectConfigurationPlatforms) = postSolution
		{9221DD85-6FC4-4B7E-BD6E-032328751BCF}.Debug|Any CPU.ActiveCfg = Debug|Any CPU
		{9221DD85-6FC4-4B7E-BD6E-032328751BCF}.Debug|Any CPU.Build.0 = Debug|Any CPU
		{9221DD85-6FC4-4B7E-BD6E-032328751BCF}.Release|Any CPU.ActiveCfg = Release|Any CPU
		{9221DD85-6FC4-4B7E-BD6E-032328751BCF}.Release|Any CPU.Build.0 = Release|Any CPU
		{50AF6686-092F-473A-96BA-2B50DC0BF896}.Debug|Any CPU.ActiveCfg = Debug|Any CPU
		{50AF6686-092F-473A-96BA-2B50DC0BF896}.Debug|Any CPU.Build.0 = Debug|Any CPU
		{50AF6686-092F-473A-96BA-2B50DC0BF896}.Release|Any CPU.ActiveCfg = Release|Any CPU
		{50AF6686-092F-473A-96BA-2B50DC0BF896}.Release|Any CPU.Build.0 = Release|Any CPU
	EndGlobalSection
	GlobalSection(SolutionProperties) = preSolution
		HideSolutionNode = FALSE
	EndGlobalSection
	GlobalSection(ExtensibilityGlobals) = postSolution
		SolutionGuid = {C61F20EE-85CD-4B62-8071-2BE912798ACA}
	EndGlobalSection
EndGlobal
